
Microsoft Visual Studio Solution File, Format Version 12.00
# Visual Studio 15
VisualStudioVersion = 15.0.27130.2020
MinimumVisualStudioVersion = 10.0.40219.1
Project("{FAE04EC0-301F-11D3-BF4B-00C04F79EFBC}") = "Snake", "Snake\Snake.csproj", "{8F88F7F3-00C2-47DD-AD57-FF31EBEDC24B}"
EndProject
Global
	GlobalSection(SolutionConfigurationPlatforms) = preSolution
		Debug|Any CPU = Debug|Any CPU
		Release|Any CPU = Release|Any CPU
	EndGlobalSection
	GlobalSection(ProjectConfigurationPlatforms) = postSolution
		{8F88F7F3-00C2-47DD-AD57-FF31EBEDC24B}.Debug|Any CPU.ActiveCfg = Debug|Any CPU
		{8F88F7F3-00C2-47DD-AD57-FF31EBEDC24B}.Debug|Any CPU.Build.0 = Debug|Any CPU
		{8F88F7F3-00C2-47DD-AD57-FF31EBEDC24B}.Release|Any CPU.ActiveCfg = Release|Any CPU
		{8F88F7F3-00C2-47DD-AD57-FF31EBEDC24B}.Release|Any CPU.Build.0 = Release|Any CPU
	EndGlobalSection
	GlobalSection(SolutionProperties) = preSolution
		HideSolutionNode = FALSE
	EndGlobalSection
	GlobalSection(ExtensibilityGlobals) = postSolution
		SolutionGuid = {45DFCD89-CD84-43F0-94EE-783CC9FC67F9}
	EndGlobalSection
EndGlobal
